
Microsoft Visual Studio Solution File, Format Version 12.00
# Visual Studio 15
VisualStudioVersion = 15.0.28010.2041
MinimumVisualStudioVersion = 10.0.40219.1
Project("{FAE04EC0-301F-11D3-BF4B-00C04F79EFBC}") = "workerthread1", "workerthread1\workerthread1.csproj", "{75778C18-C4FB-4AA4-8C7A-2C8C268F7EA5}"
EndProject
Global
	GlobalSection(SolutionConfigurationPlatforms) = preSolution
		Debug|Any CPU = Debug|Any CPU
		Release|Any CPU = Release|Any CPU
	EndGlobalSection
	GlobalSection(ProjectConfigurationPlatforms) = postSolution
		{75778C18-C4FB-4AA4-8C7A-2C8C268F7EA5}.Debug|Any CPU.ActiveCfg = Debug|Any CPU
		{75778C18-C4FB-4AA4-8C7A-2C8C268F7EA5}.Debug|Any CPU.Build.0 = Debug|Any CPU
		{75778C18-C4FB-4AA4-8C7A-2C8C268F7EA5}.Release|Any CPU.ActiveCfg = Release|Any CPU
		{75778C18-C4FB-4AA4-8C7A-2C8C268F7EA5}.Release|Any CPU.Build.0 = Release|Any CPU
	EndGlobalSection
	GlobalSection(SolutionProperties) = preSolution
		HideSolutionNode = FALSE
	EndGlobalSection
	GlobalSection(ExtensibilityGlobals) = postSolution
		SolutionGuid = {3B2D9297-E9DA-41AF-A46E-45156D32E981}
	EndGlobalSection
EndGlobal
